// !$*UTF8*$!
{
	archiveVersion = 1;
	classes = {
	};
	objectVersion = 77;
	objects = {

/* Begin PBXBuildFile section */
		34B33CD72DB81BFB00C46F57 /* AVFoundation.framework in Frameworks */ = {isa = PBXBuildFile; fileRef = 34B33CCF2DB81BA500C46F57 /* AVFoundation.framework */; };
		34B33CDA2DB81BFD00C46F57 /* Combine.framework in Frameworks */ = {isa = PBXBuildFile; fileRef = 34B33CD32DB81BB300C46F57 /* Combine.framework */; };
		34B33CDC2DB81BFE00C46F57 /* CoreGraphics.framework in Frameworks */ = {isa = PBXBuildFile; fileRef = 34B33CD52DB81BBA00C46F57 /* CoreGraphics.framework */; };
		34B33CDE2DB81BFF00C46F57 /* PencilKit.framework in Frameworks */ = {isa = PBXBuildFile; fileRef = 34B33CCD2DB81B9E00C46F57 /* PencilKit.framework */; };
		34B33CE02DB81C0100C46F57 /* Speech.framework in Frameworks */ = {isa = PBXBuildFile; fileRef = 34B33CD12DB81BAC00C46F57 /* Speech.framework */; };
		34B33CE22DB81C0200C46F57 /* SwiftUI.framework in Frameworks */ = {isa = PBXBuildFile; fileRef = 34B33CCB2DB81B9400C46F57 /* SwiftUI.framework */; };
		34B33D302DB859E000C46F57 /* README.md in Resources */ = {isa = PBXBuildFile; fileRef = 34B33D2F2DB859B800C46F57 /* README.md */; };
/* End PBXBuildFile section */

/* Begin PBXContainerItemProxy section */
		34B33C462DB7D2B800C46F57 /* PBXContainerItemProxy */ = {
			isa = PBXContainerItemProxy;
			containerPortal = 34B33C2F2DB7D2B700C46F57 /* Project object */;
			proxyType = 1;
			remoteGlobalIDString = 34B33C362DB7D2B700C46F57;
			remoteInfo = WriteOutLoud;
		};
		34B33C502DB7D2B800C46F57 /* PBXContainerItemProxy */ = {
			isa = PBXContainerItemProxy;
			containerPortal = 34B33C2F2DB7D2B700C46F57 /* Project object */;
			proxyType = 1;
			remoteGlobalIDString = 34B33C362DB7D2B700C46F57;
			remoteInfo = WriteOutLoud;
		};
/* End PBXContainerItemProxy section */

/* Begin PBXFileReference section */
		34B33C372DB7D2B700C46F57 /* WriteOutLoud.app */ = {isa = PBXFileReference; explicitFileType = wrapper.application; includeInIndex = 0; path = WriteOutLoud.app; sourceTree = BUILT_PRODUCTS_DIR; };
		34B33C452DB7D2B800C46F57 /* WriteOutLoudTests.xctest */ = {isa = PBXFileReference; explicitFileType = wrapper.cfbundle; includeInIndex = 0; path = WriteOutLoudTests.xctest; sourceTree = BUILT_PRODUCTS_DIR; };
		34B33C4F2DB7D2B800C46F57 /* WriteOutLoudUITests.xctest */ = {isa = PBXFileReference; explicitFileType = wrapper.cfbundle; includeInIndex = 0; path = WriteOutLoudUITests.xctest; sourceTree = BUILT_PRODUCTS_DIR; };
		34B33CCB2DB81B9400C46F57 /* SwiftUI.framework */ = {isa = PBXFileReference; lastKnownFileType = wrapper.framework; name = SwiftUI.framework; path = Platforms/iPhoneOS.platform/Developer/SDKs/iPhoneOS18.4.sdk/System/Library/Frameworks/SwiftUI.framework; sourceTree = DEVELOPER_DIR; };
		34B33CCD2DB81B9E00C46F57 /* PencilKit.framework */ = {isa = PBXFileReference; lastKnownFileType = wrapper.framework; name = PencilKit.framework; path = Platforms/iPhoneOS.platform/Developer/SDKs/iPhoneOS18.4.sdk/System/Library/Frameworks/PencilKit.framework; sourceTree = DEVELOPER_DIR; };
		34B33CCF2DB81BA500C46F57 /* AVFoundation.framework */ = {isa = PBXFileReference; lastKnownFileType = wrapper.framework; name = AVFoundation.framework; path = Platforms/iPhoneOS.platform/Developer/SDKs/iPhoneOS18.4.sdk/System/Library/Frameworks/AVFoundation.framework; sourceTree = DEVELOPER_DIR; };
		34B33CD12DB81BAC00C46F57 /* Speech.framework */ = {isa = PBXFileReference; lastKnownFileType = wrapper.framework; name = Speech.framework; path = Platforms/iPhoneOS.platform/Developer/SDKs/iPhoneOS18.4.sdk/System/Library/Frameworks/Speech.framework; sourceTree = DEVELOPER_DIR; };
		34B33CD32DB81BB300C46F57 /* Combine.framework */ = {isa = PBXFileReference; lastKnownFileType = wrapper.framework; name = Combine.framework; path = Platforms/iPhoneOS.platform/Developer/SDKs/iPhoneOS18.4.sdk/System/Library/Frameworks/Combine.framework; sourceTree = DEVELOPER_DIR; };
		34B33CD52DB81BBA00C46F57 /* CoreGraphics.framework */ = {isa = PBXFileReference; lastKnownFileType = wrapper.framework; name = CoreGraphics.framework; path = Platforms/iPhoneOS.platform/Developer/SDKs/iPhoneOS18.4.sdk/System/Library/Frameworks/CoreGraphics.framework; sourceTree = DEVELOPER_DIR; };
		34B33D2F2DB859B800C46F57 /* README.md */ = {isa = PBXFileReference; lastKnownFileType = net.daringfireball.markdown; path = README.md; sourceTree = "<group>"; };
/* End PBXFileReference section */

/* Begin PBXFileSystemSynchronizedRootGroup section */
		34B33C392DB7D2B700C46F57 /* WriteOutLoud */ = {
			isa = PBXFileSystemSynchronizedRootGroup;
			path = WriteOutLoud;
			sourceTree = "<group>";
		};
		34B33C482DB7D2B800C46F57 /* WriteOutLoudTests */ = {
			isa = PBXFileSystemSynchronizedRootGroup;
			path = WriteOutLoudTests;
			sourceTree = "<group>";
		};
		34B33C522DB7D2B800C46F57 /* WriteOutLoudUITests */ = {
			isa = PBXFileSystemSynchronizedRootGroup;
			path = WriteOutLoudUITests;
			sourceTree = "<group>";
		};
/* End PBXFileSystemSynchronizedRootGroup section */

/* Begin PBXFrameworksBuildPhase section */
		34B33C342DB7D2B700C46F57 /* Frameworks */ = {
			isa = PBXFrameworksBuildPhase;
			buildActionMask = 2147483647;
			files = (
				34B33CDC2DB81BFE00C46F57 /* CoreGraphics.framework in Frameworks */,
				34B33CD72DB81BFB00C46F57 /* AVFoundation.framework in Frameworks */,
				34B33CDE2DB81BFF00C46F57 /* PencilKit.framework in Frameworks */,
				34B33CDA2DB81BFD00C46F57 /* Combine.framework in Frameworks */,
				34B33CE22DB81C0200C46F57 /* SwiftUI.framework in Frameworks */,
				34B33CE02DB81C0100C46F57 /* Speech.framework in Frameworks */,
			);
			runOnlyForDeploymentPostprocessing = 0;
		};
		34B33C422DB7D2B800C46F57 /* Frameworks */ = {
			isa = PBXFrameworksBuildPhase;
			buildActionMask = 2147483647;
			files = (
			);
			runOnlyForDeploymentPostprocessing = 0;
		};
		34B33C4C2DB7D2B800C46F57 /* Frameworks */ = {
			isa = PBXFrameworksBuildPhase;
			buildActionMask = 2147483647;
			files = (
			);
			runOnlyForDeploymentPostprocessing = 0;
		};
/* End PBXFrameworksBuildPhase section */

/* Begin PBXGroup section */
		34B33C2E2DB7D2B700C46F57 = {
			isa = PBXGroup;
			children = (
				34B33C392DB7D2B700C46F57 /* WriteOutLoud */,
				34B33C482DB7D2B800C46F57 /* WriteOutLoudTests */,
				34B33C522DB7D2B800C46F57 /* WriteOutLoudUITests */,
				34B33CCA2DB81B9400C46F57 /* Frameworks */,
				34B33C382DB7D2B700C46F57 /* Products */,
				34B33D2F2DB859B800C46F57 /* README.md */,
			);
			sourceTree = "<group>";
		};
		34B33C382DB7D2B700C46F57 /* Products */ = {
			isa = PBXGroup;
			children = (
				34B33C372DB7D2B700C46F57 /* WriteOutLoud.app */,
				34B33C452DB7D2B800C46F57 /* WriteOutLoudTests.xctest */,
				34B33C4F2DB7D2B800C46F57 /* WriteOutLoudUITests.xctest */,
			);
			name = Products;
			sourceTree = "<group>";
		};
		34B33CCA2DB81B9400C46F57 /* Frameworks */ = {
			isa = PBXGroup;
			children = (
				34B33CD52DB81BBA00C46F57 /* CoreGraphics.framework */,
				34B33CD32DB81BB300C46F57 /* Combine.framework */,
				34B33CD12DB81BAC00C46F57 /* Speech.framework */,
				34B33CCF2DB81BA500C46F57 /* AVFoundation.framework */,
				34B33CCD2DB81B9E00C46F57 /* PencilKit.framework */,
				34B33CCB2DB81B9400C46F57 /* SwiftUI.framework */,
			);
			name = Frameworks;
			sourceTree = "<group>";
		};
/* End PBXGroup section */

/* Begin PBXNativeTarget section */
		34B33C362DB7D2B700C46F57 /* WriteOutLoud */ = {
			isa = PBXNativeTarget;
			buildConfigurationList = 34B33C592DB7D2B800C46F57 /* Build configuration list for PBXNativeTarget "WriteOutLoud" */;
			buildPhases = (
				34B33C332DB7D2B700C46F57 /* Sources */,
				34B33C342DB7D2B700C46F57 /* Frameworks */,
				34B33C352DB7D2B700C46F57 /* Resources */,
			);
			buildRules = (
			);
			dependencies = (
			);
			fileSystemSynchronizedGroups = (
				34B33C392DB7D2B700C46F57 /* WriteOutLoud */,
			);
			name = WriteOutLoud;
			packageProductDependencies = (
			);
			productName = WriteOutLoud;
			productReference = 34B33C372DB7D2B700C46F57 /* WriteOutLoud.app */;
			productType = "com.apple.product-type.application";
		};
		34B33C442DB7D2B800C46F57 /* WriteOutLoudTests */ = {
			isa = PBXNativeTarget;
			buildConfigurationList = 34B33C5C2DB7D2B800C46F57 /* Build configuration list for PBXNativeTarget "WriteOutLoudTests" */;
			buildPhases = (
				34B33C412DB7D2B800C46F57 /* Sources */,
				34B33C422DB7D2B800C46F57 /* Frameworks */,
				34B33C432DB7D2B800C46F57 /* Resources */,
			);
			buildRules = (
			);
			dependencies = (
				34B33C472DB7D2B800C46F57 /* PBXTargetDependency */,
			);
			fileSystemSynchronizedGroups = (
				34B33C482DB7D2B800C46F57 /* WriteOutLoudTests */,
			);
			name = WriteOutLoudTests;
			packageProductDependencies = (
			);
			productName = WriteOutLoudTests;
			productReference = 34B33C452DB7D2B800C46F57 /* WriteOutLoudTests.xctest */;
			productType = "com.apple.product-type.bundle.unit-test";
		};
		34B33C4E2DB7D2B800C46F57 /* WriteOutLoudUITests */ = {
			isa = PBXNativeTarget;
			buildConfigurationList = 34B33C5F2DB7D2B800C46F57 /* Build configuration list for PBXNativeTarget "WriteOutLoudUITests" */;
			buildPhases = (
				34B33C4B2DB7D2B800C46F57 /* Sources */,
				34B33C4C2DB7D2B800C46F57 /* Frameworks */,
				34B33C4D2DB7D2B800C46F57 /* Resources */,
			);
			buildRules = (
			);
			dependencies = (
				34B33C512DB7D2B800C46F57 /* PBXTargetDependency */,
			);
			fileSystemSynchronizedGroups = (
				34B33C522DB7D2B800C46F57 /* WriteOutLoudUITests */,
			);
			name = WriteOutLoudUITests;
			packageProductDependencies = (
			);
			productName = WriteOutLoudUITests;
			productReference = 34B33C4F2DB7D2B800C46F57 /* WriteOutLoudUITests.xctest */;
			productType = "com.apple.product-type.bundle.ui-testing";
		};
/* End PBXNativeTarget section */

/* Begin PBXProject section */
		34B33C2F2DB7D2B700C46F57 /* Project object */ = {
			isa = PBXProject;
			attributes = {
				BuildIndependentTargetsInParallel = 1;
				LastSwiftUpdateCheck = 1630;
				LastUpgradeCheck = 1630;
				TargetAttributes = {
					34B33C362DB7D2B700C46F57 = {
						CreatedOnToolsVersion = 16.3;
					};
					34B33C442DB7D2B800C46F57 = {
						CreatedOnToolsVersion = 16.3;
						TestTargetID = 34B33C362DB7D2B700C46F57;
					};
					34B33C4E2DB7D2B800C46F57 = {
						CreatedOnToolsVersion = 16.3;
						TestTargetID = 34B33C362DB7D2B700C46F57;
					};
				};
			};
			buildConfigurationList = 34B33C322DB7D2B700C46F57 /* Build configuration list for PBXProject "WriteOutLoud" */;
			developmentRegion = en;
			hasScannedForEncodings = 0;
			knownRegions = (
				en,
				Base,
			);
			mainGroup = 34B33C2E2DB7D2B700C46F57;
			minimizedProjectReferenceProxies = 1;
			preferredProjectObjectVersion = 77;
			productRefGroup = 34B33C382DB7D2B700C46F57 /* Products */;
			projectDirPath = "";
			projectRoot = "";
			targets = (
				34B33C362DB7D2B700C46F57 /* WriteOutLoud */,
				34B33C442DB7D2B800C46F57 /* WriteOutLoudTests */,
				34B33C4E2DB7D2B800C46F57 /* WriteOutLoudUITests */,
			);
		};
/* End PBXProject section */

/* Begin PBXResourcesBuildPhase section */
		34B33C352DB7D2B700C46F57 /* Resources */ = {
			isa = PBXResourcesBuildPhase;
			buildActionMask = 2147483647;
			files = (
				34B33D302DB859E000C46F57 /* README.md in Resources */,
			);
			runOnlyForDeploymentPostprocessing = 0;
		};
		34B33C432DB7D2B800C46F57 /* Resources */ = {
			isa = PBXResourcesBuildPhase;
			buildActionMask = 2147483647;
			files = (
			);
			runOnlyForDeploymentPostprocessing = 0;
		};
		34B33C4D2DB7D2B800C46F57 /* Resources */ = {
			isa = PBXResourcesBuildPhase;
			buildActionMask = 2147483647;
			files = (
			);
			runOnlyForDeploymentPostprocessing = 0;
		};
/* End PBXResourcesBuildPhase section */

/* Begin PBXSourcesBuildPhase section */
		34B33C332DB7D2B700C46F57 /* Sources */ = {
			isa = PBXSourcesBuildPhase;
			buildActionMask = 2147483647;
			files = (
			);
			runOnlyForDeploymentPostprocessing = 0;
		};
		34B33C412DB7D2B800C46F57 /* Sources */ = {
			isa = PBXSourcesBuildPhase;
			buildActionMask = 2147483647;
			files = (
			);
			runOnlyForDeploymentPostprocessing = 0;
		};
		34B33C4B2DB7D2B800C46F57 /* Sources */ = {
			isa = PBXSourcesBuildPhase;
			buildActionMask = 2147483647;
			files = (
			);
			runOnlyForDeploymentPostprocessing = 0;
		};
/* End PBXSourcesBuildPhase section */

/* Begin PBXTargetDependency section */
		34B33C472DB7D2B800C46F57 /* PBXTargetDependency */ = {
			isa = PBXTargetDependency;
			target = 34B33C362DB7D2B700C46F57 /* WriteOutLoud */;
			targetProxy = 34B33C462DB7D2B800C46F57 /* PBXContainerItemProxy */;
		};
		34B33C512DB7D2B800C46F57 /* PBXTargetDependency */ = {
			isa = PBXTargetDependency;
			target = 34B33C362DB7D2B700C46F57 /* WriteOutLoud */;
			targetProxy = 34B33C502DB7D2B800C46F57 /* PBXContainerItemProxy */;
		};
/* End PBXTargetDependency section */

/* Begin XCBuildConfiguration section */
		34B33C572DB7D2B800C46F57 /* Debug */ = {
			isa = XCBuildConfiguration;
			buildSettings = {
				ALWAYS_SEARCH_USER_PATHS = NO;
				ASSETCATALOG_COMPILER_GENERATE_SWIFT_ASSET_SYMBOL_EXTENSIONS = YES;
				CLANG_ANALYZER_NONNULL = YES;
				CLANG_ANALYZER_NUMBER_OBJECT_CONVERSION = YES_AGGRESSIVE;
				CLANG_CXX_LANGUAGE_STANDARD = "gnu++20";
				CLANG_ENABLE_MODULES = YES;
				CLANG_ENABLE_OBJC_ARC = YES;
				CLANG_ENABLE_OBJC_WEAK = YES;
				CLANG_WARN_BLOCK_CAPTURE_AUTORELEASING = YES;
				CLANG_WARN_BOOL_CONVERSION = YES;
				CLANG_WARN_COMMA = YES;
				CLANG_WARN_CONSTANT_CONVERSION = YES;
				CLANG_WARN_DEPRECATED_OBJC_IMPLEMENTATIONS = YES;
				CLANG_WARN_DIRECT_OBJC_ISA_USAGE = YES_ERROR;
				CLANG_WARN_DOCUMENTATION_COMMENTS = YES;
				CLANG_WARN_EMPTY_BODY = YES;
				CLANG_WARN_ENUM_CONVERSION = YES;
				CLANG_WARN_INFINITE_RECURSION = YES;
				CLANG_WARN_INT_CONVERSION = YES;
				CLANG_WARN_NON_LITERAL_NULL_CONVERSION = YES;
				CLANG_WARN_OBJC_IMPLICIT_RETAIN_SELF = YES;
				CLANG_WARN_OBJC_LITERAL_CONVERSION = YES;
				CLANG_WARN_OBJC_ROOT_CLASS = YES_ERROR;
				CLANG_WARN_QUOTED_INCLUDE_IN_FRAMEWORK_HEADER = YES;
				CLANG_WARN_RANGE_LOOP_ANALYSIS = YES;
				CLANG_WARN_STRICT_PROTOTYPES = YES;
				CLANG_WARN_SUSPICIOUS_MOVE = YES;
				CLANG_WARN_UNGUARDED_AVAILABILITY = YES_AGGRESSIVE;
				CLANG_WARN_UNREACHABLE_CODE = YES;
				CLANG_WARN__DUPLICATE_METHOD_MATCH = YES;
				COPY_PHASE_STRIP = NO;
				DEBUG_INFORMATION_FORMAT = dwarf;
				DEVELOPMENT_TEAM = 8SD94PXL84;
				ENABLE_STRICT_OBJC_MSGSEND = YES;
				ENABLE_TESTABILITY = YES;
				ENABLE_USER_SCRIPT_SANDBOXING = YES;
				GCC_C_LANGUAGE_STANDARD = gnu17;
				GCC_DYNAMIC_NO_PIC = NO;
				GCC_NO_COMMON_BLOCKS = YES;
				GCC_OPTIMIZATION_LEVEL = 0;
				GCC_PREPROCESSOR_DEFINITIONS = (
					"DEBUG=1",
					"$(inherited)",
				);
				GCC_WARN_64_TO_32_BIT_CONVERSION = YES;
				GCC_WARN_ABOUT_RETURN_TYPE = YES_ERROR;
				GCC_WARN_UNDECLARED_SELECTOR = YES;
				GCC_WARN_UNINITIALIZED_AUTOS = YES_AGGRESSIVE;
				GCC_WARN_UNUSED_FUNCTION = YES;
				GCC_WARN_UNUSED_VARIABLE = YES;
				LOCALIZATION_PREFERS_STRING_CATALOGS = YES;
				MTL_ENABLE_DEBUG_INFO = INCLUDE_SOURCE;
				MTL_FAST_MATH = YES;
				ONLY_ACTIVE_ARCH = YES;
				SWIFT_ACTIVE_COMPILATION_CONDITIONS = "DEBUG $(inherited)";
				SWIFT_OPTIMIZATION_LEVEL = "-Onone";
			};
			name = Debug;
		};
		34B33C582DB7D2B800C46F57 /* Release */ = {
			isa = XCBuildConfiguration;
			buildSettings = {
				ALWAYS_SEARCH_USER_PATHS = NO;
				ASSETCATALOG_COMPILER_GENERATE_SWIFT_ASSET_SYMBOL_EXTENSIONS = YES;
				CLANG_ANALYZER_NONNULL = YES;
				CLANG_ANALYZER_NUMBER_OBJECT_CONVERSION = YES_AGGRESSIVE;
				CLANG_CXX_LANGUAGE_STANDARD = "gnu++20";
				CLANG_ENABLE_MODULES = YES;
				CLANG_ENABLE_OBJC_ARC = YES;
				CLANG_ENABLE_OBJC_WEAK = YES;
				CLANG_WARN_BLOCK_CAPTURE_AUTORELEASING = YES;
				CLANG_WARN_BOOL_CONVERSION = YES;
				CLANG_WARN_COMMA = YES;
				CLANG_WARN_CONSTANT_CONVERSION = YES;
				CLANG_WARN_DEPRECATED_OBJC_IMPLEMENTATIONS = YES;
				CLANG_WARN_DIRECT_OBJC_ISA_USAGE = YES_ERROR;
				CLANG_WARN_DOCUMENTATION_COMMENTS = YES;
				CLANG_WARN_EMPTY_BODY = YES;
				CLANG_WARN_ENUM_CONVERSION = YES;
				CLANG_WARN_INFINITE_RECURSION = YES;
				CLANG_WARN_INT_CONVERSION = YES;
				CLANG_WARN_NON_LITERAL_NULL_CONVERSION = YES;
				CLANG_WARN_OBJC_IMPLICIT_RETAIN_SELF = YES;
				CLANG_WARN_OBJC_LITERAL_CONVERSION = YES;
				CLANG_WARN_OBJC_ROOT_CLASS = YES_ERROR;
				CLANG_WARN_QUOTED_INCLUDE_IN_FRAMEWORK_HEADER = YES;
				CLANG_WARN_RANGE_LOOP_ANALYSIS = YES;
				CLANG_WARN_STRICT_PROTOTYPES = YES;
				CLANG_WARN_SUSPICIOUS_MOVE = YES;
				CLANG_WARN_UNGUARDED_AVAILABILITY = YES_AGGRESSIVE;
				CLANG_WARN_UNREACHABLE_CODE = YES;
				CLANG_WARN__DUPLICATE_METHOD_MATCH = YES;
				COPY_PHASE_STRIP = NO;
				DEBUG_INFORMATION_FORMAT = "dwarf-with-dsym";
				DEVELOPMENT_TEAM = 8SD94PXL84;
				ENABLE_NS_ASSERTIONS = NO;
				ENABLE_STRICT_OBJC_MSGSEND = YES;
				ENABLE_USER_SCRIPT_SANDBOXING = YES;
				GCC_C_LANGUAGE_STANDARD = gnu17;
				GCC_NO_COMMON_BLOCKS = YES;
				GCC_WARN_64_TO_32_BIT_CONVERSION = YES;
				GCC_WARN_ABOUT_RETURN_TYPE = YES_ERROR;
				GCC_WARN_UNDECLARED_SELECTOR = YES;
				GCC_WARN_UNINITIALIZED_AUTOS = YES_AGGRESSIVE;
				GCC_WARN_UNUSED_FUNCTION = YES;
				GCC_WARN_UNUSED_VARIABLE = YES;
				LOCALIZATION_PREFERS_STRING_CATALOGS = YES;
				MTL_ENABLE_DEBUG_INFO = NO;
				MTL_FAST_MATH = YES;
				SWIFT_COMPILATION_MODE = wholemodule;
			};
			name = Release;
		};
		34B33C5A2DB7D2B800C46F57 /* Debug */ = {
			isa = XCBuildConfiguration;
			buildSettings = {
				ASSETCATALOG_COMPILER_APPICON_NAME = AppIcon;
				ASSETCATALOG_COMPILER_GLOBAL_ACCENT_COLOR_NAME = AccentColor;
				CODE_SIGN_ENTITLEMENTS = WriteOutLoud/WriteOutLoud.entitlements;
				CODE_SIGN_STYLE = Automatic;
				CURRENT_PROJECT_VERSION = 1;
				DEVELOPMENT_TEAM = 8SD94PXL84;
				ENABLE_HARDENED_RUNTIME = YES;
				ENABLE_PREVIEWS = YES;
				GENERATE_INFOPLIST_FILE = YES;
				INFOPLIST_FILE = "";
				INFOPLIST_KEY_NSMicrophoneUsageDescription = "Write Out Loud needs access to the microphone to capture the audio of you speaking stroke names during practice.";
				INFOPLIST_KEY_NSSpeechRecognitionUsageDescription = "Write Out Loud needs access to speech recognition to analyze the stroke names you speak during practice.";
				"INFOPLIST_KEY_UIApplicationSceneManifest_Generation[sdk=iphoneos*]" = YES;
				"INFOPLIST_KEY_UIApplicationSceneManifest_Generation[sdk=iphonesimulator*]" = YES;
				"INFOPLIST_KEY_UIApplicationSupportsIndirectInputEvents[sdk=iphoneos*]" = YES;
				"INFOPLIST_KEY_UIApplicationSupportsIndirectInputEvents[sdk=iphonesimulator*]" = YES;
				"INFOPLIST_KEY_UILaunchScreen_Generation[sdk=iphoneos*]" = YES;
				"INFOPLIST_KEY_UILaunchScreen_Generation[sdk=iphonesimulator*]" = YES;
				"INFOPLIST_KEY_UIStatusBarStyle[sdk=iphoneos*]" = UIStatusBarStyleDefault;
				"INFOPLIST_KEY_UIStatusBarStyle[sdk=iphonesimulator*]" = UIStatusBarStyleDefault;
				INFOPLIST_KEY_UISupportedInterfaceOrientations_iPad = "UIInterfaceOrientationPortrait UIInterfaceOrientationPortraitUpsideDown UIInterfaceOrientationLandscapeLeft UIInterfaceOrientationLandscapeRight";
				INFOPLIST_KEY_UISupportedInterfaceOrientations_iPhone = "UIInterfaceOrientationPortrait UIInterfaceOrientationLandscapeLeft UIInterfaceOrientationLandscapeRight";
				IPHONEOS_DEPLOYMENT_TARGET = 18.4;
				LD_RUNPATH_SEARCH_PATHS = "@executable_path/Frameworks";
				"LD_RUNPATH_SEARCH_PATHS[sdk=macosx*]" = "@executable_path/../Frameworks";
				MACOSX_DEPLOYMENT_TARGET = 15.4;
				MARKETING_VERSION = 1.0;
				PRODUCT_BUNDLE_IDENTIFIER = freya.WriteOutLoud;
				PRODUCT_NAME = "$(TARGET_NAME)";
				REGISTER_APP_GROUPS = YES;
				SDKROOT = auto;
				SUPPORTED_PLATFORMS = "iphoneos iphonesimulator macosx xros xrsimulator";
				SWIFT_EMIT_LOC_STRINGS = YES;
				SWIFT_VERSION = 5.0;
				TARGETED_DEVICE_FAMILY = "1,2,7";
				XROS_DEPLOYMENT_TARGET = 2.4;
			};
			name = Debug;
		};
		34B33C5B2DB7D2B800C46F57 /* Release */ = {
			isa = XCBuildConfiguration;
			buildSettings = {
				ASSETCATALOG_COMPILER_APPICON_NAME = AppIcon;
				ASSETCATALOG_COMPILER_GLOBAL_ACCENT_COLOR_NAME = AccentColor;
				CODE_SIGN_ENTITLEMENTS = WriteOutLoud/WriteOutLoud.entitlements;
				CODE_SIGN_STYLE = Automatic;
				CURRENT_PROJECT_VERSION = 1;
				DEVELOPMENT_TEAM = 8SD94PXL84;
				ENABLE_HARDENED_RUNTIME = YES;
				ENABLE_PREVIEWS = YES;
				GENERATE_INFOPLIST_FILE = YES;
				INFOPLIST_FILE = "";
				INFOPLIST_KEY_NSMicrophoneUsageDescription = "Write Out Loud needs access to the microphone to capture the audio of you speaking stroke names during practice.";
				INFOPLIST_KEY_NSSpeechRecognitionUsageDescription = "Write Out Loud needs access to speech recognition to analyze the stroke names you speak during practice.";
				"INFOPLIST_KEY_UIApplicationSceneManifest_Generation[sdk=iphoneos*]" = YES;
				"INFOPLIST_KEY_UIApplicationSceneManifest_Generation[sdk=iphonesimulator*]" = YES;
				"INFOPLIST_KEY_UIApplicationSupportsIndirectInputEvents[sdk=iphoneos*]" = YES;
				"INFOPLIST_KEY_UIApplicationSupportsIndirectInputEvents[sdk=iphonesimulator*]" = YES;
				"INFOPLIST_KEY_UILaunchScreen_Generation[sdk=iphoneos*]" = YES;
				"INFOPLIST_KEY_UILaunchScreen_Generation[sdk=iphonesimulator*]" = YES;
				"INFOPLIST_KEY_UIStatusBarStyle[sdk=iphoneos*]" = UIStatusBarStyleDefault;
				"INFOPLIST_KEY_UIStatusBarStyle[sdk=iphonesimulator*]" = UIStatusBarStyleDefault;
				INFOPLIST_KEY_UISupportedInterfaceOrientations_iPad = "UIInterfaceOrientationPortrait UIInterfaceOrientationPortraitUpsideDown UIInterfaceOrientationLandscapeLeft UIInterfaceOrientationLandscapeRight";
				INFOPLIST_KEY_UISupportedInterfaceOrientations_iPhone = "UIInterfaceOrientationPortrait UIInterfaceOrientationLandscapeLeft UIInterfaceOrientationLandscapeRight";
				IPHONEOS_DEPLOYMENT_TARGET = 18.4;
				LD_RUNPATH_SEARCH_PATHS = "@executable_path/Frameworks";
				"LD_RUNPATH_SEARCH_PATHS[sdk=macosx*]" = "@executable_path/../Frameworks";
				MACOSX_DEPLOYMENT_TARGET = 15.4;
				MARKETING_VERSION = 1.0;
				PRODUCT_BUNDLE_IDENTIFIER = freya.WriteOutLoud;
				PRODUCT_NAME = "$(TARGET_NAME)";
				REGISTER_APP_GROUPS = YES;
				SDKROOT = auto;
				SUPPORTED_PLATFORMS = "iphoneos iphonesimulator macosx xros xrsimulator";
				SWIFT_EMIT_LOC_STRINGS = YES;
				SWIFT_VERSION = 5.0;
				TARGETED_DEVICE_FAMILY = "1,2,7";
				XROS_DEPLOYMENT_TARGET = 2.4;
			};
			name = Release;
		};
		34B33C5D2DB7D2B800C46F57 /* Debug */ = {
			isa = XCBuildConfiguration;
			buildSettings = {
				BUNDLE_LOADER = "$(TEST_HOST)";
				CODE_SIGN_STYLE = Automatic;
				CURRENT_PROJECT_VERSION = 1;
				DEVELOPMENT_TEAM = 8SD94PXL84;
				GENERATE_INFOPLIST_FILE = YES;
				IPHONEOS_DEPLOYMENT_TARGET = 18.4;
				MACOSX_DEPLOYMENT_TARGET = 15.4;
				MARKETING_VERSION = 1.0;
				PRODUCT_BUNDLE_IDENTIFIER = freya.WriteOutLoudTests;
				PRODUCT_NAME = "$(TARGET_NAME)";
				SDKROOT = auto;
				SUPPORTED_PLATFORMS = "iphoneos iphonesimulator macosx xros xrsimulator";
				SWIFT_EMIT_LOC_STRINGS = NO;
				SWIFT_VERSION = 5.0;
				TARGETED_DEVICE_FAMILY = "1,2,7";
				TEST_HOST = "$(BUILT_PRODUCTS_DIR)/WriteOutLoud.app/$(BUNDLE_EXECUTABLE_FOLDER_PATH)/WriteOutLoud";
				XROS_DEPLOYMENT_TARGET = 2.4;
			};
			name = Debug;
		};
		34B33C5E2DB7D2B800C46F57 /* Release */ = {
			isa = XCBuildConfiguration;
			buildSettings = {
				BUNDLE_LOADER = "$(TEST_HOST)";
				CODE_SIGN_STYLE = Automatic;
				CURRENT_PROJECT_VERSION = 1;
				DEVELOPMENT_TEAM = 8SD94PXL84;
				GENERATE_INFOPLIST_FILE = YES;
				IPHONEOS_DEPLOYMENT_TARGET = 18.4;
				MACOSX_DEPLOYMENT_TARGET = 15.4;
				MARKETING_VERSION = 1.0;
				PRODUCT_BUNDLE_IDENTIFIER = freya.WriteOutLoudTests;
				PRODUCT_NAME = "$(TARGET_NAME)";
				SDKROOT = auto;
				SUPPORTED_PLATFORMS = "iphoneos iphonesimulator macosx xros xrsimulator";
				SWIFT_EMIT_LOC_STRINGS = NO;
				SWIFT_VERSION = 5.0;
				TARGETED_DEVICE_FAMILY = "1,2,7";
				TEST_HOST = "$(BUILT_PRODUCTS_DIR)/WriteOutLoud.app/$(BUNDLE_EXECUTABLE_FOLDER_PATH)/WriteOutLoud";
				XROS_DEPLOYMENT_TARGET = 2.4;
			};
			name = Release;
		};
		34B33C602DB7D2B800C46F57 /* Debug */ = {
			isa = XCBuildConfiguration;
			buildSettings = {
				CODE_SIGN_STYLE = Automatic;
				CURRENT_PROJECT_VERSION = 1;
				DEVELOPMENT_TEAM = 8SD94PXL84;
				GENERATE_INFOPLIST_FILE = YES;
				IPHONEOS_DEPLOYMENT_TARGET = 18.4;
				MACOSX_DEPLOYMENT_TARGET = 15.4;
				MARKETING_VERSION = 1.0;
				PRODUCT_BUNDLE_IDENTIFIER = freya.WriteOutLoudUITests;
				PRODUCT_NAME = "$(TARGET_NAME)";
				SDKROOT = auto;
				SUPPORTED_PLATFORMS = "iphoneos iphonesimulator macosx xros xrsimulator";
				SWIFT_EMIT_LOC_STRINGS = NO;
				SWIFT_VERSION = 5.0;
				TARGETED_DEVICE_FAMILY = "1,2,7";
				TEST_TARGET_NAME = WriteOutLoud;
				XROS_DEPLOYMENT_TARGET = 2.4;
			};
			name = Debug;
		};
		34B33C612DB7D2B800C46F57 /* Release */ = {
			isa = XCBuildConfiguration;
			buildSettings = {
				CODE_SIGN_STYLE = Automatic;
				CURRENT_PROJECT_VERSION = 1;
				DEVELOPMENT_TEAM = 8SD94PXL84;
				GENERATE_INFOPLIST_FILE = YES;
				IPHONEOS_DEPLOYMENT_TARGET = 18.4;
				MACOSX_DEPLOYMENT_TARGET = 15.4;
				MARKETING_VERSION = 1.0;
				PRODUCT_BUNDLE_IDENTIFIER = freya.WriteOutLoudUITests;
				PRODUCT_NAME = "$(TARGET_NAME)";
				SDKROOT = auto;
				SUPPORTED_PLATFORMS = "iphoneos iphonesimulator macosx xros xrsimulator";
				SWIFT_EMIT_LOC_STRINGS = NO;
				SWIFT_VERSION = 5.0;
				TARGETED_DEVICE_FAMILY = "1,2,7";
				TEST_TARGET_NAME = WriteOutLoud;
				XROS_DEPLOYMENT_TARGET = 2.4;
			};
			name = Release;
		};
/* End XCBuildConfiguration section */

/* Begin XCConfigurationList section */
		34B33C322DB7D2B700C46F57 /* Build configuration list for PBXProject "WriteOutLoud" */ = {
			isa = XCConfigurationList;
			buildConfigurations = (
				34B33C572DB7D2B800C46F57 /* Debug */,
				34B33C582DB7D2B800C46F57 /* Release */,
			);
			defaultConfigurationIsVisible = 0;
			defaultConfigurationName = Release;
		};
		34B33C592DB7D2B800C46F57 /* Build configuration list for PBXNativeTarget "WriteOutLoud" */ = {
			isa = XCConfigurationList;
			buildConfigurations = (
				34B33C5A2DB7D2B800C46F57 /* Debug */,
				34B33C5B2DB7D2B800C46F57 /* Release */,
			);
			defaultConfigurationIsVisible = 0;
			defaultConfigurationName = Release;
		};
		34B33C5C2DB7D2B800C46F57 /* Build configuration list for PBXNativeTarget "WriteOutLoudTests" */ = {
			isa = XCConfigurationList;
			buildConfigurations = (
				34B33C5D2DB7D2B800C46F57 /* Debug */,
				34B33C5E2DB7D2B800C46F57 /* Release */,
			);
			defaultConfigurationIsVisible = 0;
			defaultConfigurationName = Release;
		};
		34B33C5F2DB7D2B800C46F57 /* Build configuration list for PBXNativeTarget "WriteOutLoudUITests" */ = {
			isa = XCConfigurationList;
			buildConfigurations = (
				34B33C602DB7D2B800C46F57 /* Debug */,
				34B33C612DB7D2B800C46F57 /* Release */,
			);
			defaultConfigurationIsVisible = 0;
			defaultConfigurationName = Release;
		};
/* End XCConfigurationList section */
	};
	rootObject = 34B33C2F2DB7D2B700C46F57 /* Project object */;
}
